
Microsoft Visual Studio Solution File, Format Version 12.00
# Visual Studio Version 17
VisualStudioVersion = 17.2.32602.215
MinimumVisualStudioVersion = 10.0.40219.1
Project("{9A19103F-16F7-4668-BE54-9A1E7A4F7556}") = "RazorWebAppClient", "RazorWebAppClient\RazorWebAppClient.csproj", "{6BC520FB-871E-42EB-B9BF-232DA7986D9E}"
EndProject
Project("{9A19103F-16F7-4668-BE54-9A1E7A4F7556}") = "MVCWebApp", "MVCWebApp\MVCWebApp.csproj", "{75522158-98C8-4106-B50E-EB3F400A37BF}"
EndProject
Project("{9A19103F-16F7-4668-BE54-9A1E7A4F7556}") = "WebAppMvcClientLocation", "WebAppMvcClientLocation\WebAppMvcClientLocation.csproj", "{447F0BB8-27EA-4769-9AD3-229383042D90}"
EndProject
Project("{9A19103F-16F7-4668-BE54-9A1E7A4F7556}") = "MVCPartyInvites", "MVCPartyInvites\MVCPartyInvites.csproj", "{BC55E281-44F9-4653-9DC1-5C891028CFE8}"
EndProject
Project("{9A19103F-16F7-4668-BE54-9A1E7A4F7556}") = "MVCModelValidation", "MVCModelValidation\MVCModelValidation.csproj", "{81FBBB5A-B166-445F-BF86-379D28D6159A}"
EndProject
Project("{9A19103F-16F7-4668-BE54-9A1E7A4F7556}") = "MvcTestEFCore", "MvcTestEFCore\MvcTestEFCore.csproj", "{BB0429F5-005D-4A17-A389-DC1ED4F74ACD}"
EndProject
Project("{9A19103F-16F7-4668-BE54-9A1E7A4F7556}") = "MVCFifa", "MVCFifa\MVCFifa.csproj", "{C70E95EC-38A1-4BC9-926D-494C9D40E98F}"
EndProject
Project("{9A19103F-16F7-4668-BE54-9A1E7A4F7556}") = "WebAppMVCClientLocationEFCore", "WebAppMVCClientLocationEFCore\WebAppMVCClientLocationEFCore.csproj", "{CD284EBF-CAB5-4E6D-AED6-15F9BFF88110}"
EndProject
Project("{FAE04EC0-301F-11D3-BF4B-00C04F79EFBC}") = "MVCSportStore", "MVCSportStore\MVCSportStore.csproj", "{1B4AAA28-0C46-4C02-8304-AFC4BCCD83C2}"
EndProject
Global
	GlobalSection(SolutionConfigurationPlatforms) = preSolution
		Debug|Any CPU = Debug|Any CPU
		Release|Any CPU = Release|Any CPU
	EndGlobalSection
	GlobalSection(ProjectConfigurationPlatforms) = postSolution
		{6BC520FB-871E-42EB-B9BF-232DA7986D9E}.Debug|Any CPU.ActiveCfg = Debug|Any CPU
		{6BC520FB-871E-42EB-B9BF-232DA7986D9E}.Debug|Any CPU.Build.0 = Debug|Any CPU
		{6BC520FB-871E-42EB-B9BF-232DA7986D9E}.Release|Any CPU.ActiveCfg = Release|Any CPU
		{6BC520FB-871E-42EB-B9BF-232DA7986D9E}.Release|Any CPU.Build.0 = Release|Any CPU
		{75522158-98C8-4106-B50E-EB3F400A37BF}.Debug|Any CPU.ActiveCfg = Debug|Any CPU
		{75522158-98C8-4106-B50E-EB3F400A37BF}.Debug|Any CPU.Build.0 = Debug|Any CPU
		{75522158-98C8-4106-B50E-EB3F400A37BF}.Release|Any CPU.ActiveCfg = Release|Any CPU
		{75522158-98C8-4106-B50E-EB3F400A37BF}.Release|Any CPU.Build.0 = Release|Any CPU
		{447F0BB8-27EA-4769-9AD3-229383042D90}.Debug|Any CPU.ActiveCfg = Debug|Any CPU
		{447F0BB8-27EA-4769-9AD3-229383042D90}.Debug|Any CPU.Build.0 = Debug|Any CPU
		{447F0BB8-27EA-4769-9AD3-229383042D90}.Release|Any CPU.ActiveCfg = Release|Any CPU
		{447F0BB8-27EA-4769-9AD3-229383042D90}.Release|Any CPU.Build.0 = Release|Any CPU
		{BC55E281-44F9-4653-9DC1-5C891028CFE8}.Debug|Any CPU.ActiveCfg = Debug|Any CPU
		{BC55E281-44F9-4653-9DC1-5C891028CFE8}.Debug|Any CPU.Build.0 = Debug|Any CPU
		{BC55E281-44F9-4653-9DC1-5C891028CFE8}.Release|Any CPU.ActiveCfg = Release|Any CPU
		{BC55E281-44F9-4653-9DC1-5C891028CFE8}.Release|Any CPU.Build.0 = Release|Any CPU
		{81FBBB5A-B166-445F-BF86-379D28D6159A}.Debug|Any CPU.ActiveCfg = Debug|Any CPU
		{81FBBB5A-B166-445F-BF86-379D28D6159A}.Debug|Any CPU.Build.0 = Debug|Any CPU
		{81FBBB5A-B166-445F-BF86-379D28D6159A}.Release|Any CPU.ActiveCfg = Release|Any CPU
		{81FBBB5A-B166-445F-BF86-379D28D6159A}.Release|Any CPU.Build.0 = Release|Any CPU
		{BB0429F5-005D-4A17-A389-DC1ED4F74ACD}.Debug|Any CPU.ActiveCfg = Debug|Any CPU
		{BB0429F5-005D-4A17-A389-DC1ED4F74ACD}.Debug|Any CPU.Build.0 = Debug|Any CPU
		{BB0429F5-005D-4A17-A389-DC1ED4F74ACD}.Release|Any CPU.ActiveCfg = Release|Any CPU
		{BB0429F5-005D-4A17-A389-DC1ED4F74ACD}.Release|Any CPU.Build.0 = Release|Any CPU
		{C70E95EC-38A1-4BC9-926D-494C9D40E98F}.Debug|Any CPU.ActiveCfg = Debug|Any CPU
		{C70E95EC-38A1-4BC9-926D-494C9D40E98F}.Debug|Any CPU.Build.0 = Debug|Any CPU
		{C70E95EC-38A1-4BC9-926D-494C9D40E98F}.Release|Any CPU.ActiveCfg = Release|Any CPU
		{C70E95EC-38A1-4BC9-926D-494C9D40E98F}.Release|Any CPU.Build.0 = Release|Any CPU
		{CD284EBF-CAB5-4E6D-AED6-15F9BFF88110}.Debug|Any CPU.ActiveCfg = Debug|Any CPU
		{CD284EBF-CAB5-4E6D-AED6-15F9BFF88110}.Debug|Any CPU.Build.0 = Debug|Any CPU
		{CD284EBF-CAB5-4E6D-AED6-15F9BFF88110}.Release|Any CPU.ActiveCfg = Release|Any CPU
		{CD284EBF-CAB5-4E6D-AED6-15F9BFF88110}.Release|Any CPU.Build.0 = Release|Any CPU
		{1B4AAA28-0C46-4C02-8304-AFC4BCCD83C2}.Debug|Any CPU.ActiveCfg = Debug|Any CPU
		{1B4AAA28-0C46-4C02-8304-AFC4BCCD83C2}.Debug|Any CPU.Build.0 = Debug|Any CPU
		{1B4AAA28-0C46-4C02-8304-AFC4BCCD83C2}.Release|Any CPU.ActiveCfg = Release|Any CPU
		{1B4AAA28-0C46-4C02-8304-AFC4BCCD83C2}.Release|Any CPU.Build.0 = Release|Any CPU
	EndGlobalSection
	GlobalSection(SolutionProperties) = preSolution
		HideSolutionNode = FALSE
	EndGlobalSection
	GlobalSection(ExtensibilityGlobals) = postSolution
		SolutionGuid = {868EBC81-9E6A-472F-8997-84799DFBF656}
	EndGlobalSection
EndGlobal
